
Microsoft Visual Studio Solution File, Format Version 12.00
# Visual Studio Version 16
VisualStudioVersion = 16.0.31005.135
MinimumVisualStudioVersion = 10.0.40219.1
Project("{FAE04EC0-301F-11D3-BF4B-00C04F79EFBC}") = "Data Grid", "Data Grid.csproj", "{DA301811-E8AB-44AA-A434-433232CDF76A}"
EndProject
Global
	GlobalSection(SolutionConfigurationPlatforms) = preSolution
		Debug|Any CPU = Debug|Any CPU
		Release|Any CPU = Release|Any CPU
	EndGlobalSection
	GlobalSection(ProjectConfigurationPlatforms) = postSolution
		{DA301811-E8AB-44AA-A434-433232CDF76A}.Debug|Any CPU.ActiveCfg = Debug|Any CPU
		{DA301811-E8AB-44AA-A434-433232CDF76A}.Debug|Any CPU.Build.0 = Debug|Any CPU
		{DA301811-E8AB-44AA-A434-433232CDF76A}.Release|Any CPU.ActiveCfg = Release|Any CPU
		{DA301811-E8AB-44AA-A434-433232CDF76A}.Release|Any CPU.Build.0 = Release|Any CPU
	EndGlobalSection
	GlobalSection(SolutionProperties) = preSolution
		HideSolutionNode = FALSE
	EndGlobalSection
	GlobalSection(ExtensibilityGlobals) = postSolution
		SolutionGuid = {86AA32CC-2E21-4080-A258-18AAFBEF5854}
	EndGlobalSection
EndGlobal
